
Microsoft Visual Studio Solution File, Format Version 12.00
# Visual Studio Version 17
VisualStudioVersion = 17.2.32519.379
MinimumVisualStudioVersion = 10.0.40219.1
Project("{FAE04EC0-301F-11D3-BF4B-00C04F79EFBC}") = "ControleFinanceiro.API", "ControleFinanceiro.API\ControleFinanceiro.API.csproj", "{F5948A71-D62E-4661-ADFF-79F8ACD26868}"
EndProject
Project("{2150E333-8FDC-42A3-9474-1A3956D46DE8}") = "Solution Items", "Solution Items", "{A7A38EDC-7A8C-469E-93F8-CB7A89E4225D}"
	ProjectSection(SolutionItems) = preProject
		.editorconfig = .editorconfig
	EndProjectSection
EndProject
Project("{FAE04EC0-301F-11D3-BF4B-00C04F79EFBC}") = "ControleFinanceiro.BLL", "..\ControleFinanceiro.BLL\ControleFinanceiro.BLL.csproj", "{80056A48-2929-4E2A-8B2D-7EBF53E7FD52}"
EndProject
Project("{FAE04EC0-301F-11D3-BF4B-00C04F79EFBC}") = "ControleFinanceiro.DAL", "..\ControleFinanceiro.DAL\ControleFinanceiro.DAL.csproj", "{3EEC23E9-34B9-4C08-B20B-A5C9D6E16B3E}"
EndProject
Global
	GlobalSection(SolutionConfigurationPlatforms) = preSolution
		Debug|Any CPU = Debug|Any CPU
		Release|Any CPU = Release|Any CPU
	EndGlobalSection
	GlobalSection(ProjectConfigurationPlatforms) = postSolution
		{F5948A71-D62E-4661-ADFF-79F8ACD26868}.Debug|Any CPU.ActiveCfg = Debug|Any CPU
		{F5948A71-D62E-4661-ADFF-79F8ACD26868}.Debug|Any CPU.Build.0 = Debug|Any CPU
		{F5948A71-D62E-4661-ADFF-79F8ACD26868}.Release|Any CPU.ActiveCfg = Release|Any CPU
		{F5948A71-D62E-4661-ADFF-79F8ACD26868}.Release|Any CPU.Build.0 = Release|Any CPU
		{80056A48-2929-4E2A-8B2D-7EBF53E7FD52}.Debug|Any CPU.ActiveCfg = Debug|Any CPU
		{80056A48-2929-4E2A-8B2D-7EBF53E7FD52}.Debug|Any CPU.Build.0 = Debug|Any CPU
		{80056A48-2929-4E2A-8B2D-7EBF53E7FD52}.Release|Any CPU.ActiveCfg = Release|Any CPU
		{80056A48-2929-4E2A-8B2D-7EBF53E7FD52}.Release|Any CPU.Build.0 = Release|Any CPU
		{3EEC23E9-34B9-4C08-B20B-A5C9D6E16B3E}.Debug|Any CPU.ActiveCfg = Debug|Any CPU
		{3EEC23E9-34B9-4C08-B20B-A5C9D6E16B3E}.Debug|Any CPU.Build.0 = Debug|Any CPU
		{3EEC23E9-34B9-4C08-B20B-A5C9D6E16B3E}.Release|Any CPU.ActiveCfg = Release|Any CPU
		{3EEC23E9-34B9-4C08-B20B-A5C9D6E16B3E}.Release|Any CPU.Build.0 = Release|Any CPU
	EndGlobalSection
	GlobalSection(SolutionProperties) = preSolution
		HideSolutionNode = FALSE
	EndGlobalSection
	GlobalSection(ExtensibilityGlobals) = postSolution
		SolutionGuid = {95F6E21B-7A4B-43B8-B418-7630E2BBE5F9}
	EndGlobalSection
EndGlobal
